
Microsoft Visual Studio Solution File, Format Version 12.00
# Visual Studio Version 17
VisualStudioVersion = 17.7.34221.43
MinimumVisualStudioVersion = 10.0.40219.1
Project("{FAE04EC0-301F-11D3-BF4B-00C04F79EFBC}") = "DataAcessTier", "DataAcessTier.csproj", "{7B964E97-A7C8-46A8-BE5D-806F2F07F83B}"
EndProject
Global
	GlobalSection(SolutionConfigurationPlatforms) = preSolution
		Debug|Any CPU = Debug|Any CPU
		Release|Any CPU = Release|Any CPU
	EndGlobalSection
	GlobalSection(ProjectConfigurationPlatforms) = postSolution
		{7B964E97-A7C8-46A8-BE5D-806F2F07F83B}.Debug|Any CPU.ActiveCfg = Debug|Any CPU
		{7B964E97-A7C8-46A8-BE5D-806F2F07F83B}.Debug|Any CPU.Build.0 = Debug|Any CPU
		{7B964E97-A7C8-46A8-BE5D-806F2F07F83B}.Release|Any CPU.ActiveCfg = Release|Any CPU
		{7B964E97-A7C8-46A8-BE5D-806F2F07F83B}.Release|Any CPU.Build.0 = Release|Any CPU
	EndGlobalSection
	GlobalSection(SolutionProperties) = preSolution
		HideSolutionNode = FALSE
	EndGlobalSection
	GlobalSection(ExtensibilityGlobals) = postSolution
		SolutionGuid = {980C19B2-CDF9-42A5-8E57-10943D9C120E}
	EndGlobalSection
EndGlobal
