
Microsoft Visual Studio Solution File, Format Version 12.00
# Visual Studio Version 17
VisualStudioVersion = 17.7.34221.43
MinimumVisualStudioVersion = 10.0.40219.1
Project("{2150E333-8FDC-42A3-9474-1A3956D46DE8}") = "DataAccessTIER_1", "DataAccessTIER_1", "{CA557F50-9C60-466E-B53D-C0AEAD697B02}"
EndProject
Project("{2150E333-8FDC-42A3-9474-1A3956D46DE8}") = "PresentationTIER_3", "PresentationTIER_3", "{9E82D47C-F0F5-49B5-B4C9-BFCE8A91FDC2}"
EndProject
Project("{2150E333-8FDC-42A3-9474-1A3956D46DE8}") = "BusinessLogicTIER_2", "BusinessLogicTIER_2", "{B9B06FAC-ACD4-4FAA-B957-4497F44ABCA8}"
EndProject
Project("{2150E333-8FDC-42A3-9474-1A3956D46DE8}") = "model", "model", "{7158C975-948B-4D67-B25A-52BDD7F0C9FB}"
EndProject
Project("{FAE04EC0-301F-11D3-BF4B-00C04F79EFBC}") = "GUI", "PresentationTIER_3\GUI.csproj", "{0001F439-FFCA-4CEA-AB74-151E135F734C}"
EndProject
Project("{FAE04EC0-301F-11D3-BF4B-00C04F79EFBC}") = "DTO", "DTO\DTO\DTO.csproj", "{F2557233-89F1-4E67-94D1-0F664427EA3B}"
EndProject
Project("{FAE04EC0-301F-11D3-BF4B-00C04F79EFBC}") = "DAT", "DAT_TIER_1\DAT\DAT.csproj", "{900C25C6-6171-41E4-9327-E53B18BE8889}"
EndProject
Project("{FAE04EC0-301F-11D3-BF4B-00C04F79EFBC}") = "BUS", "BUS_TIER_2\BUS\BUS.csproj", "{4F019028-12B6-4262-9D60-36E038B38F02}"
EndProject
Project("{2150E333-8FDC-42A3-9474-1A3956D46DE8}") = "Database", "Database", "{5218C1C8-A9FD-4968-82F7-BB58E0980B80}"
EndProject
Global
	GlobalSection(SolutionConfigurationPlatforms) = preSolution
		Debug|Any CPU = Debug|Any CPU
		Release|Any CPU = Release|Any CPU
	EndGlobalSection
	GlobalSection(ProjectConfigurationPlatforms) = postSolution
		{0001F439-FFCA-4CEA-AB74-151E135F734C}.Debug|Any CPU.ActiveCfg = Debug|Any CPU
		{0001F439-FFCA-4CEA-AB74-151E135F734C}.Debug|Any CPU.Build.0 = Debug|Any CPU
		{0001F439-FFCA-4CEA-AB74-151E135F734C}.Release|Any CPU.ActiveCfg = Release|Any CPU
		{0001F439-FFCA-4CEA-AB74-151E135F734C}.Release|Any CPU.Build.0 = Release|Any CPU
		{F2557233-89F1-4E67-94D1-0F664427EA3B}.Debug|Any CPU.ActiveCfg = Debug|Any CPU
		{F2557233-89F1-4E67-94D1-0F664427EA3B}.Debug|Any CPU.Build.0 = Debug|Any CPU
		{F2557233-89F1-4E67-94D1-0F664427EA3B}.Release|Any CPU.ActiveCfg = Release|Any CPU
		{F2557233-89F1-4E67-94D1-0F664427EA3B}.Release|Any CPU.Build.0 = Release|Any CPU
		{900C25C6-6171-41E4-9327-E53B18BE8889}.Debug|Any CPU.ActiveCfg = Debug|Any CPU
		{900C25C6-6171-41E4-9327-E53B18BE8889}.Debug|Any CPU.Build.0 = Debug|Any CPU
		{900C25C6-6171-41E4-9327-E53B18BE8889}.Release|Any CPU.ActiveCfg = Release|Any CPU
		{900C25C6-6171-41E4-9327-E53B18BE8889}.Release|Any CPU.Build.0 = Release|Any CPU
		{4F019028-12B6-4262-9D60-36E038B38F02}.Debug|Any CPU.ActiveCfg = Debug|Any CPU
		{4F019028-12B6-4262-9D60-36E038B38F02}.Debug|Any CPU.Build.0 = Debug|Any CPU
		{4F019028-12B6-4262-9D60-36E038B38F02}.Release|Any CPU.ActiveCfg = Release|Any CPU
		{4F019028-12B6-4262-9D60-36E038B38F02}.Release|Any CPU.Build.0 = Release|Any CPU
	EndGlobalSection
	GlobalSection(SolutionProperties) = preSolution
		HideSolutionNode = FALSE
	EndGlobalSection
	GlobalSection(NestedProjects) = preSolution
		{0001F439-FFCA-4CEA-AB74-151E135F734C} = {9E82D47C-F0F5-49B5-B4C9-BFCE8A91FDC2}
		{F2557233-89F1-4E67-94D1-0F664427EA3B} = {7158C975-948B-4D67-B25A-52BDD7F0C9FB}
		{900C25C6-6171-41E4-9327-E53B18BE8889} = {CA557F50-9C60-466E-B53D-C0AEAD697B02}
		{4F019028-12B6-4262-9D60-36E038B38F02} = {B9B06FAC-ACD4-4FAA-B957-4497F44ABCA8}
	EndGlobalSection
	GlobalSection(ExtensibilityGlobals) = postSolution
		SolutionGuid = {955032BD-122A-4477-BC91-E196B6EE19EE}
	EndGlobalSection
EndGlobal
